
Microsoft Visual Studio Solution File, Format Version 12.00
# Visual Studio Version 17
VisualStudioVersion = 17.3.32804.467
MinimumVisualStudioVersion = 10.0.40219.1
Project("{9A19103F-16F7-4668-BE54-9A1E7A4F7556}") = "DinnerBooking.Application", "DinnerBooking.Application\DinnerBooking.Application.csproj", "{BE8852B6-A9FC-4734-BB45-98FBEB4A2F2D}"
EndProject
Project("{9A19103F-16F7-4668-BE54-9A1E7A4F7556}") = "DinnerBooking.Domain", "DinnerBooking.Domain\DinnerBooking.Domain.csproj", "{53FC045B-53F5-4D48-89DB-81C10F9BA9BF}"
EndProject
Project("{9A19103F-16F7-4668-BE54-9A1E7A4F7556}") = "DinnerBooking.Contracts", "DinnerBooking.Contracts\DinnerBooking.Contracts.csproj", "{4A741EB1-1EB7-46A5-985E-1B39574E6FDE}"
EndProject
Project("{9A19103F-16F7-4668-BE54-9A1E7A4F7556}") = "DinnerBooking.Infrastructure", "DinnerBooking.Infrastructure\DinnerBooking.Infrastructure.csproj", "{7FAB1EC4-F393-4D69-96F3-96A324A8FC41}"
EndProject
Project("{9A19103F-16F7-4668-BE54-9A1E7A4F7556}") = "DinnerBooking.Api", "DinnerBooking.Api\DinnerBooking.Api.csproj", "{EA15C582-6AD2-483F-A0D6-1B7413948088}"
EndProject
Global
	GlobalSection(SolutionConfigurationPlatforms) = preSolution
		Debug|Any CPU = Debug|Any CPU
		Release|Any CPU = Release|Any CPU
	EndGlobalSection
	GlobalSection(ProjectConfigurationPlatforms) = postSolution
		{BE8852B6-A9FC-4734-BB45-98FBEB4A2F2D}.Debug|Any CPU.ActiveCfg = Debug|Any CPU
		{BE8852B6-A9FC-4734-BB45-98FBEB4A2F2D}.Debug|Any CPU.Build.0 = Debug|Any CPU
		{BE8852B6-A9FC-4734-BB45-98FBEB4A2F2D}.Release|Any CPU.ActiveCfg = Release|Any CPU
		{BE8852B6-A9FC-4734-BB45-98FBEB4A2F2D}.Release|Any CPU.Build.0 = Release|Any CPU
		{53FC045B-53F5-4D48-89DB-81C10F9BA9BF}.Debug|Any CPU.ActiveCfg = Debug|Any CPU
		{53FC045B-53F5-4D48-89DB-81C10F9BA9BF}.Debug|Any CPU.Build.0 = Debug|Any CPU
		{53FC045B-53F5-4D48-89DB-81C10F9BA9BF}.Release|Any CPU.ActiveCfg = Release|Any CPU
		{53FC045B-53F5-4D48-89DB-81C10F9BA9BF}.Release|Any CPU.Build.0 = Release|Any CPU
		{4A741EB1-1EB7-46A5-985E-1B39574E6FDE}.Debug|Any CPU.ActiveCfg = Debug|Any CPU
		{4A741EB1-1EB7-46A5-985E-1B39574E6FDE}.Debug|Any CPU.Build.0 = Debug|Any CPU
		{4A741EB1-1EB7-46A5-985E-1B39574E6FDE}.Release|Any CPU.ActiveCfg = Release|Any CPU
		{4A741EB1-1EB7-46A5-985E-1B39574E6FDE}.Release|Any CPU.Build.0 = Release|Any CPU
		{7FAB1EC4-F393-4D69-96F3-96A324A8FC41}.Debug|Any CPU.ActiveCfg = Debug|Any CPU
		{7FAB1EC4-F393-4D69-96F3-96A324A8FC41}.Debug|Any CPU.Build.0 = Debug|Any CPU
		{7FAB1EC4-F393-4D69-96F3-96A324A8FC41}.Release|Any CPU.ActiveCfg = Release|Any CPU
		{7FAB1EC4-F393-4D69-96F3-96A324A8FC41}.Release|Any CPU.Build.0 = Release|Any CPU
		{EA15C582-6AD2-483F-A0D6-1B7413948088}.Debug|Any CPU.ActiveCfg = Debug|Any CPU
		{EA15C582-6AD2-483F-A0D6-1B7413948088}.Debug|Any CPU.Build.0 = Debug|Any CPU
		{EA15C582-6AD2-483F-A0D6-1B7413948088}.Release|Any CPU.ActiveCfg = Release|Any CPU
		{EA15C582-6AD2-483F-A0D6-1B7413948088}.Release|Any CPU.Build.0 = Release|Any CPU
	EndGlobalSection
	GlobalSection(SolutionProperties) = preSolution
		HideSolutionNode = FALSE
	EndGlobalSection
	GlobalSection(ExtensibilityGlobals) = postSolution
		SolutionGuid = {BBE8F8EA-63D6-4AB1-AD64-C99E777E3729}
	EndGlobalSection
EndGlobal
